
Microsoft Visual Studio Solution File, Format Version 12.00
# Visual Studio 15
VisualStudioVersion = 15.0.27130.2020
MinimumVisualStudioVersion = 10.0.40219.1
Project("{FAE04EC0-301F-11D3-BF4B-00C04F79EFBC}") = "WebAPI", "AdraDevTest\WebAPI.csproj", "{0C0A8C3B-2CFE-4B9B-96F8-01AB7A8B8BDA}"
EndProject
Project("{FAE04EC0-301F-11D3-BF4B-00C04F79EFBC}") = "BusinessLayer", "BusinessLayer\BusinessLayer.csproj", "{6AEE67B6-2099-4E93-8F93-1DE235F5C50B}"
EndProject
Project("{FAE04EC0-301F-11D3-BF4B-00C04F79EFBC}") = "DataAccessLibrary", "DataAccessLibrary\DataAccessLibrary.csproj", "{A84CC03C-B82D-4318-9A8A-4560F901FE4D}"
EndProject
Project("{FAE04EC0-301F-11D3-BF4B-00C04F79EFBC}") = "EntityClasses", "EntityClasses\EntityClasses.csproj", "{02272B48-1FA3-458D-9D0E-7B95AD371312}"
EndProject
Global
	GlobalSection(SolutionConfigurationPlatforms) = preSolution
		Debug|Any CPU = Debug|Any CPU
		Release|Any CPU = Release|Any CPU
	EndGlobalSection
	GlobalSection(ProjectConfigurationPlatforms) = postSolution
		{0C0A8C3B-2CFE-4B9B-96F8-01AB7A8B8BDA}.Debug|Any CPU.ActiveCfg = Debug|Any CPU
		{0C0A8C3B-2CFE-4B9B-96F8-01AB7A8B8BDA}.Debug|Any CPU.Build.0 = Debug|Any CPU
		{0C0A8C3B-2CFE-4B9B-96F8-01AB7A8B8BDA}.Release|Any CPU.ActiveCfg = Release|Any CPU
		{0C0A8C3B-2CFE-4B9B-96F8-01AB7A8B8BDA}.Release|Any CPU.Build.0 = Release|Any CPU
		{6AEE67B6-2099-4E93-8F93-1DE235F5C50B}.Debug|Any CPU.ActiveCfg = Debug|Any CPU
		{6AEE67B6-2099-4E93-8F93-1DE235F5C50B}.Debug|Any CPU.Build.0 = Debug|Any CPU
		{6AEE67B6-2099-4E93-8F93-1DE235F5C50B}.Release|Any CPU.ActiveCfg = Release|Any CPU
		{6AEE67B6-2099-4E93-8F93-1DE235F5C50B}.Release|Any CPU.Build.0 = Release|Any CPU
		{A84CC03C-B82D-4318-9A8A-4560F901FE4D}.Debug|Any CPU.ActiveCfg = Debug|Any CPU
		{A84CC03C-B82D-4318-9A8A-4560F901FE4D}.Debug|Any CPU.Build.0 = Debug|Any CPU
		{A84CC03C-B82D-4318-9A8A-4560F901FE4D}.Release|Any CPU.ActiveCfg = Release|Any CPU
		{A84CC03C-B82D-4318-9A8A-4560F901FE4D}.Release|Any CPU.Build.0 = Release|Any CPU
		{02272B48-1FA3-458D-9D0E-7B95AD371312}.Debug|Any CPU.ActiveCfg = Debug|Any CPU
		{02272B48-1FA3-458D-9D0E-7B95AD371312}.Debug|Any CPU.Build.0 = Debug|Any CPU
		{02272B48-1FA3-458D-9D0E-7B95AD371312}.Release|Any CPU.ActiveCfg = Release|Any CPU
		{02272B48-1FA3-458D-9D0E-7B95AD371312}.Release|Any CPU.Build.0 = Release|Any CPU
	EndGlobalSection
	GlobalSection(SolutionProperties) = preSolution
		HideSolutionNode = FALSE
	EndGlobalSection
	GlobalSection(ExtensibilityGlobals) = postSolution
		SolutionGuid = {E463E174-F76C-4213-B5A0-2250EC41B4AB}
	EndGlobalSection
EndGlobal
